
Microsoft Visual Studio Solution File, Format Version 12.00
# Visual Studio 14
VisualStudioVersion = 14.0.25420.1
MinimumVisualStudioVersion = 10.0.40219.1
Project("{FAE04EC0-301F-11D3-BF4B-00C04F79EFBC}") = "DependentLibrary", "DependentLibrary\DependentLibrary.csproj", "{802130CC-19E9-4640-966B-17FFFBC5D568}"
EndProject
Project("{FAE04EC0-301F-11D3-BF4B-00C04F79EFBC}") = "CommonLib", "CommonLib\CommonLib.csproj", "{17DE5CAF-CBC1-44C7-9370-BA7198F389A1}"
EndProject
Global
	GlobalSection(SolutionConfigurationPlatforms) = preSolution
		Debug|Any CPU = Debug|Any CPU
		Release|Any CPU = Release|Any CPU
	EndGlobalSection
	GlobalSection(ProjectConfigurationPlatforms) = postSolution
		{802130CC-19E9-4640-966B-17FFFBC5D568}.Debug|Any CPU.ActiveCfg = Debug|Any CPU
		{802130CC-19E9-4640-966B-17FFFBC5D568}.Debug|Any CPU.Build.0 = Debug|Any CPU
		{802130CC-19E9-4640-966B-17FFFBC5D568}.Release|Any CPU.ActiveCfg = Release|Any CPU
		{802130CC-19E9-4640-966B-17FFFBC5D568}.Release|Any CPU.Build.0 = Release|Any CPU
		{17DE5CAF-CBC1-44C7-9370-BA7198F389A1}.Debug|Any CPU.ActiveCfg = Debug|Any CPU
		{17DE5CAF-CBC1-44C7-9370-BA7198F389A1}.Debug|Any CPU.Build.0 = Debug|Any CPU
		{17DE5CAF-CBC1-44C7-9370-BA7198F389A1}.Release|Any CPU.ActiveCfg = Release|Any CPU
		{17DE5CAF-CBC1-44C7-9370-BA7198F389A1}.Release|Any CPU.Build.0 = Release|Any CPU
	EndGlobalSection
	GlobalSection(SolutionProperties) = preSolution
		HideSolutionNode = FALSE
	EndGlobalSection
EndGlobal
